{
  "name": "w3bstream",
  "version": "1.0.0",
  "lockfileVersion": 2,
  "requires": true,
  "packages": {
    "": {
      "name": "w3bstream",
      "version": "1.0.0",
      "license": "ISC",
      "dependencies": {
        "@solar-republic/wasm-secp256k1": "^0.0.3-beta.2",
        "@w3bstream/wasm-sdk": "^0.4.5"
      },
      "devDependencies": {
        "assemblyscript": "^0.27.3"
      }
    },
    "node_modules/@solar-republic/wasm-secp256k1": {
      "version": "0.0.3-beta.2",
      "resolved": "https://registry.npmjs.org/@solar-republic/wasm-secp256k1/-/wasm-secp256k1-0.0.3-beta.2.tgz",
      "integrity": "sha512-s2meGUjiPUhJk1yF8IBV8x9CVZEDD4diA2ZJBSDXRYSoLUn8ySfQlH0WJ5Uu2Tkpo3jA8DNyZFAKj7MPUnbYhQ==",
      "engines": {
        "node": ">=8.9"
      }
    },
    "node_modules/@w3bstream/wasm-sdk": {
      "version": "0.4.5",
      "resolved": "https://registry.npmjs.org/@w3bstream/wasm-sdk/-/wasm-sdk-0.4.5.tgz",
      "integrity": "sha512-P7oBZtpgKGgKAFyPTWuWHpUPQYPThlcoR242hOwPCUarsPKhgU5Lc5igBB32udNAzwoB1nn8MGKHVOBKYDeA4w==",
      "dependencies": {
        "@w3bstream/wasm-sdk": "^0.4.4",
        "assemblyscript": "^0.26.7",
        "assemblyscript-json": "^1.1.0"
      },
      "engines": {
        "node": ">=16.0.0"
      }
    },
    "node_modules/@w3bstream/wasm-sdk/node_modules/assemblyscript": {
      "version": "0.26.7",
      "resolved": "https://registry.npmjs.org/assemblyscript/-/assemblyscript-0.26.7.tgz",
      "integrity": "sha512-+zjr7RZotrNleOc2raZQJVIoMQ906LmZP9Q9C9IUft3o5QIzerQdKboHIwyO4HZUZor3dG0e9vIFK7w1l0PCsw==",
      "dependencies": {
        "binaryen": "111.0.0-nightly.20230111",
        "long": "^5.2.0"
      },
      "bin": {
        "asc": "bin/asc.js",
        "asinit": "bin/asinit.js"
      },
      "engines": {
        "node": ">=16.0.0",
        "npm": ">=7.0.0"
      },
      "funding": {
        "type": "opencollective",
        "url": "https://opencollective.com/assemblyscript"
      }
    },
    "node_modules/@w3bstream/wasm-sdk/node_modules/binaryen": {
      "version": "111.0.0-nightly.20230111",
      "resolved": "https://registry.npmjs.org/binaryen/-/binaryen-111.0.0-nightly.20230111.tgz",
      "integrity": "sha512-CUEED/yMHoGeGnOZhQJW5+Luf5z/F58PHK5lw2feh5fbbqauodgnxyYkc2oxSjYwHHRCmFmaYyeQH4zlhRbebg==",
      "bin": {
        "wasm-opt": "bin/wasm-opt",
        "wasm2js": "bin/wasm2js"
      }
    },
    "node_modules/assemblyscript": {
      "version": "0.27.3",
      "resolved": "https://registry.npmjs.org/assemblyscript/-/assemblyscript-0.27.3.tgz",
      "integrity": "sha512-l0ZXXFa2gql1SnIYsNQJ5vrHpMksALCLQNBOA6VUssCRugYzz7M0dVCXcsWsukVty/Uc24i0//32jJ+S24q3rw==",
      "dev": true,
      "dependencies": {
        "binaryen": "112.0.0-nightly.20230411",
        "long": "^5.2.1"
      },
      "bin": {
        "asc": "bin/asc.js",
        "asinit": "bin/asinit.js"
      },
      "engines": {
        "node": ">=16",
        "npm": ">=7"
      },
      "funding": {
        "type": "opencollective",
        "url": "https://opencollective.com/assemblyscript"
      }
    },
    "node_modules/assemblyscript-json": {
      "version": "1.1.0",
      "resolved": "https://registry.npmjs.org/assemblyscript-json/-/assemblyscript-json-1.1.0.tgz",
      "integrity": "sha512-UbE8ts8csTWQgd5TnSPN7MRV9NveuHv1bVnKmDLoo/tzjqxkmsZb3lu59Uk8H7SGoqdkDSEE049alx/nHnSdFw=="
    },
    "node_modules/binaryen": {
      "version": "112.0.0-nightly.20230411",
      "resolved": "https://registry.npmjs.org/binaryen/-/binaryen-112.0.0-nightly.20230411.tgz",
      "integrity": "sha512-4V9r9x9fjAVFZdR2yvBFc3BEJJIBYvd2X8X8k0zAuJsao2gl9wNHDmpQ30QsLo6hgkRfRImkCbCjhXW3RDOYXQ==",
      "dev": true,
      "bin": {
        "wasm-opt": "bin/wasm-opt",
        "wasm2js": "bin/wasm2js"
      }
    },
    "node_modules/long": {
      "version": "5.2.3",
      "resolved": "https://registry.npmjs.org/long/-/long-5.2.3.tgz",
      "integrity": "sha512-lcHwpNoggQTObv5apGNCTdJrO69eHOZMi4BNC+rTLER8iHAqGrUVeLh/irVIM7zTw2bOXA8T6uNPeujwOLg/2Q=="
    }
  },
  "dependencies": {
    "@solar-republic/wasm-secp256k1": {
      "version": "0.0.3-beta.2",
      "resolved": "https://registry.npmjs.org/@solar-republic/wasm-secp256k1/-/wasm-secp256k1-0.0.3-beta.2.tgz",
      "integrity": "sha512-s2meGUjiPUhJk1yF8IBV8x9CVZEDD4diA2ZJBSDXRYSoLUn8ySfQlH0WJ5Uu2Tkpo3jA8DNyZFAKj7MPUnbYhQ=="
    },
    "@w3bstream/wasm-sdk": {
      "version": "0.4.5",
      "resolved": "https://registry.npmjs.org/@w3bstream/wasm-sdk/-/wasm-sdk-0.4.5.tgz",
      "integrity": "sha512-P7oBZtpgKGgKAFyPTWuWHpUPQYPThlcoR242hOwPCUarsPKhgU5Lc5igBB32udNAzwoB1nn8MGKHVOBKYDeA4w==",
      "requires": {
        "@w3bstream/wasm-sdk": "^0.4.4",
        "assemblyscript": "^0.26.7",
        "assemblyscript-json": "^1.1.0"
      },
      "dependencies": {
        "assemblyscript": {
          "version": "0.26.7",
          "resolved": "https://registry.npmjs.org/assemblyscript/-/assemblyscript-0.26.7.tgz",
          "integrity": "sha512-+zjr7RZotrNleOc2raZQJVIoMQ906LmZP9Q9C9IUft3o5QIzerQdKboHIwyO4HZUZor3dG0e9vIFK7w1l0PCsw==",
          "requires": {
            "binaryen": "111.0.0-nightly.20230111",
            "long": "^5.2.0"
          }
        },
        "binaryen": {
          "version": "111.0.0-nightly.20230111",
          "resolved": "https://registry.npmjs.org/binaryen/-/binaryen-111.0.0-nightly.20230111.tgz",
          "integrity": "sha512-CUEED/yMHoGeGnOZhQJW5+Luf5z/F58PHK5lw2feh5fbbqauodgnxyYkc2oxSjYwHHRCmFmaYyeQH4zlhRbebg=="
        }
      }
    },
    "assemblyscript": {
      "version": "0.27.3",
      "resolved": "https://registry.npmjs.org/assemblyscript/-/assemblyscript-0.27.3.tgz",
      "integrity": "sha512-l0ZXXFa2gql1SnIYsNQJ5vrHpMksALCLQNBOA6VUssCRugYzz7M0dVCXcsWsukVty/Uc24i0//32jJ+S24q3rw==",
      "dev": true,
      "requires": {
        "binaryen": "112.0.0-nightly.20230411",
        "long": "^5.2.1"
      }
    },
    "assemblyscript-json": {
      "version": "1.1.0",
      "resolved": "https://registry.npmjs.org/assemblyscript-json/-/assemblyscript-json-1.1.0.tgz",
      "integrity": "sha512-UbE8ts8csTWQgd5TnSPN7MRV9NveuHv1bVnKmDLoo/tzjqxkmsZb3lu59Uk8H7SGoqdkDSEE049alx/nHnSdFw=="
    },
    "binaryen": {
      "version": "112.0.0-nightly.20230411",
      "resolved": "https://registry.npmjs.org/binaryen/-/binaryen-112.0.0-nightly.20230411.tgz",
      "integrity": "sha512-4V9r9x9fjAVFZdR2yvBFc3BEJJIBYvd2X8X8k0zAuJsao2gl9wNHDmpQ30QsLo6hgkRfRImkCbCjhXW3RDOYXQ==",
      "dev": true
    },
    "long": {
      "version": "5.2.3",
      "resolved": "https://registry.npmjs.org/long/-/long-5.2.3.tgz",
      "integrity": "sha512-lcHwpNoggQTObv5apGNCTdJrO69eHOZMi4BNC+rTLER8iHAqGrUVeLh/irVIM7zTw2bOXA8T6uNPeujwOLg/2Q=="
    }
  }
}
