{
  "name": "assemblyscript",
  "version": "1.0.0",
  "lockfileVersion": 2,
  "requires": true,
  "packages": {
    "": {
      "version": "1.0.0",
      "license": "ISC",
      "dependencies": {
        "@w3bstream/wasm-sdk": "^0.3.1"
      },
      "devDependencies": {
        "assemblyscript": "^0.27.0"
      }
    },
    "node_modules/@w3bstream/wasm-sdk": {
      "version": "0.3.1",
      "resolved": "https://registry.npmjs.org/@w3bstream/wasm-sdk/-/wasm-sdk-0.3.1.tgz",
      "integrity": "sha512-2CrLLQpeeOXwmMSRDxoyqvf+ADXnz0Dgk3WBaAOQzpL6WK4C6cCd2uiR7MHLi2B+2dTpdyX5b1CCOHmV2k3VvA==",
      "dependencies": {
        "assemblyscript": "^0.26.7",
        "assemblyscript-json": "^1.1.0"
      }
    },
    "node_modules/@w3bstream/wasm-sdk/node_modules/assemblyscript": {
      "version": "0.26.7",
      "resolved": "https://registry.npmjs.org/assemblyscript/-/assemblyscript-0.26.7.tgz",
      "integrity": "sha512-+zjr7RZotrNleOc2raZQJVIoMQ906LmZP9Q9C9IUft3o5QIzerQdKboHIwyO4HZUZor3dG0e9vIFK7w1l0PCsw==",
      "dependencies": {
        "binaryen": "111.0.0-nightly.20230111",
        "long": "^5.2.0"
      },
      "bin": {
        "asc": "bin/asc.js",
        "asinit": "bin/asinit.js"
      },
      "engines": {
        "node": ">=16.0.0",
        "npm": ">=7.0.0"
      },
      "funding": {
        "type": "opencollective",
        "url": "https://opencollective.com/assemblyscript"
      }
    },
    "node_modules/assemblyscript": {
      "version": "0.27.0",
      "resolved": "https://registry.npmjs.org/assemblyscript/-/assemblyscript-0.27.0.tgz",
      "integrity": "sha512-qD/pH71hHwI6dpR4LGMBASUH8E9jlLxIJXpuzC+2h2CzGS6JAq7nD2SHwG6uOVuzClYljo3gOr2JBzWTYpbq/Q==",
      "dev": true,
      "dependencies": {
        "binaryen": "111.0.0-nightly.20230111",
        "long": "^5.2.0"
      },
      "bin": {
        "asc": "bin/asc.js",
        "asinit": "bin/asinit.js"
      },
      "engines": {
        "node": ">=16.0.0",
        "npm": ">=7.0.0"
      },
      "funding": {
        "type": "opencollective",
        "url": "https://opencollective.com/assemblyscript"
      }
    },
    "node_modules/assemblyscript-json": {
      "version": "1.1.0",
      "resolved": "https://registry.npmjs.org/assemblyscript-json/-/assemblyscript-json-1.1.0.tgz",
      "integrity": "sha512-UbE8ts8csTWQgd5TnSPN7MRV9NveuHv1bVnKmDLoo/tzjqxkmsZb3lu59Uk8H7SGoqdkDSEE049alx/nHnSdFw=="
    },
    "node_modules/binaryen": {
      "version": "111.0.0-nightly.20230111",
      "resolved": "https://registry.npmjs.org/binaryen/-/binaryen-111.0.0-nightly.20230111.tgz",
      "integrity": "sha512-CUEED/yMHoGeGnOZhQJW5+Luf5z/F58PHK5lw2feh5fbbqauodgnxyYkc2oxSjYwHHRCmFmaYyeQH4zlhRbebg==",
      "bin": {
        "wasm-opt": "bin/wasm-opt",
        "wasm2js": "bin/wasm2js"
      }
    },
    "node_modules/long": {
      "version": "5.2.1",
      "resolved": "https://registry.npmjs.org/long/-/long-5.2.1.tgz",
      "integrity": "sha512-GKSNGeNAtw8IryjjkhZxuKB3JzlcLTwjtiQCHKvqQet81I93kXslhDQruGI/QsddO83mcDToBVy7GqGS/zYf/A=="
    }
  },
  "dependencies": {
    "@w3bstream/wasm-sdk": {
      "version": "0.3.1",
      "resolved": "https://registry.npmjs.org/@w3bstream/wasm-sdk/-/wasm-sdk-0.3.1.tgz",
      "integrity": "sha512-2CrLLQpeeOXwmMSRDxoyqvf+ADXnz0Dgk3WBaAOQzpL6WK4C6cCd2uiR7MHLi2B+2dTpdyX5b1CCOHmV2k3VvA==",
      "requires": {
        "assemblyscript": "^0.26.7",
        "assemblyscript-json": "^1.1.0"
      },
      "dependencies": {
        "assemblyscript": {
          "version": "0.26.7",
          "resolved": "https://registry.npmjs.org/assemblyscript/-/assemblyscript-0.26.7.tgz",
          "integrity": "sha512-+zjr7RZotrNleOc2raZQJVIoMQ906LmZP9Q9C9IUft3o5QIzerQdKboHIwyO4HZUZor3dG0e9vIFK7w1l0PCsw==",
          "requires": {
            "binaryen": "111.0.0-nightly.20230111",
            "long": "^5.2.0"
          }
        }
      }
    },
    "assemblyscript": {
      "version": "0.27.0",
      "resolved": "https://registry.npmjs.org/assemblyscript/-/assemblyscript-0.27.0.tgz",
      "integrity": "sha512-qD/pH71hHwI6dpR4LGMBASUH8E9jlLxIJXpuzC+2h2CzGS6JAq7nD2SHwG6uOVuzClYljo3gOr2JBzWTYpbq/Q==",
      "dev": true,
      "requires": {
        "binaryen": "111.0.0-nightly.20230111",
        "long": "^5.2.0"
      }
    },
    "assemblyscript-json": {
      "version": "1.1.0",
      "resolved": "https://registry.npmjs.org/assemblyscript-json/-/assemblyscript-json-1.1.0.tgz",
      "integrity": "sha512-UbE8ts8csTWQgd5TnSPN7MRV9NveuHv1bVnKmDLoo/tzjqxkmsZb3lu59Uk8H7SGoqdkDSEE049alx/nHnSdFw=="
    },
    "binaryen": {
      "version": "111.0.0-nightly.20230111",
      "resolved": "https://registry.npmjs.org/binaryen/-/binaryen-111.0.0-nightly.20230111.tgz",
      "integrity": "sha512-CUEED/yMHoGeGnOZhQJW5+Luf5z/F58PHK5lw2feh5fbbqauodgnxyYkc2oxSjYwHHRCmFmaYyeQH4zlhRbebg=="
    },
    "long": {
      "version": "5.2.1",
      "resolved": "https://registry.npmjs.org/long/-/long-5.2.1.tgz",
      "integrity": "sha512-GKSNGeNAtw8IryjjkhZxuKB3JzlcLTwjtiQCHKvqQet81I93kXslhDQruGI/QsddO83mcDToBVy7GqGS/zYf/A=="
    }
  }
}
